{
    "_readme": [
        "This file locks the dependencies of your project to a known state",
        "Read more about it at https://getcomposer.org/doc/01-basic-usage.md#composer-lock-the-lock-file",
        "This file is @generated automatically"
    ],
    "content-hash": "08e3c3f7cbcf7bc953973f99063c546d",
    "packages": [
        {
            "name": "fortawesome/font-awesome",
            "version": "v4.7.0",
            "source": {
                "type": "git",
                "url": "https://github.com/FortAwesome/Font-Awesome.git",
                "reference": "a8386aae19e200ddb0f6845b5feeee5eb7013687"
            },
            "dist": {
                "type": "zip",
                "url": "https://api.github.com/repos/FortAwesome/Font-Awesome/zipball/a8386aae19e200ddb0f6845b5feeee5eb7013687",
                "reference": "a8386aae19e200ddb0f6845b5feeee5eb7013687",
                "shasum": ""
            },
            "require-dev": {
                "jekyll": "1.0.2",
                "lessc": "1.4.2"
            },
            "type": "library",
            "extra": {
                "branch-alias": {
                    "dev-master": "4.6.x-dev"
                }
            },
            "notification-url": "https://packagist.org/downloads/",
            "license": [
                "OFL-1.1",
                "MIT"
            ],
            "authors": [
                {
                    "name": "Dave Gandy",
                    "email": "dave@fontawesome.io",
                    "homepage": "http://twitter.com/davegandy",
                    "role": "Developer"
                }
            ],
            "description": "The iconic font and CSS framework",
            "homepage": "http://fontawesome.io/",
            "keywords": [
                "FontAwesome",
                "awesome",
                "bootstrap",
                "font",
                "icon"
            ],
            "time": "2016-10-24T15:52:54+00:00"
        },
        {
            "name": "itsjavi/fontawesome-iconpicker",
            "version": "1.3.0",
            "source": {
                "type": "git",
                "url": "https://github.com/itsjavi/fontawesome-iconpicker.git",
                "reference": "6087c66a7395738f59cab3887221bb75cd0e08f7"
            },
            "dist": {
                "type": "zip",
                "url": "https://api.github.com/repos/itsjavi/fontawesome-iconpicker/zipball/6087c66a7395738f59cab3887221bb75cd0e08f7",
                "reference": "6087c66a7395738f59cab3887221bb75cd0e08f7",
                "shasum": ""
            },
            "type": "library",
            "notification-url": "https://packagist.org/downloads/",
            "license": [
                "MIT"
            ],
            "authors": [
                {
                    "name": "Javi Aguilar",
                    "role": "Developer"
                }
            ],
            "description": "Font Awesome Icon Picker plugin for Twitter Bootstrap",
            "homepage": "https://itsjavi.com/fontawesome-iconpicker/",
            "keywords": [
                "FontAwesome",
                "bootstrap",
                "iconpicker",
                "picker",
                "popover"
            ],
            "time": "2017-01-30T02:52:30+00:00"
        }
    ],
    "packages-dev": [],
    "aliases": [],
    "minimum-stability": "stable",
    "stability-flags": [],
    "prefer-stable": false,
    "prefer-lowest": false,
    "platform": [],
    "platform-dev": []
}
